
Microsoft Visual Studio Solution File, Format Version 12.00
# Visual Studio Version 17
VisualStudioVersion = 17.0.31919.166
MinimumVisualStudioVersion = 10.0.40219.1
Project("{9A19103F-16F7-4668-BE54-9A1E7A4F7556}") = "PowerFxCustConnector", "PowerFxCustConnector\PowerFxCustConnector.csproj", "{77408CB3-F552-4EE1-9E58-1B5AB7F00C2C}"
EndProject
Project("{FAE04EC0-301F-11D3-BF4B-00C04F79EFBC}") = "YamlParser", "YamlParser\YamlParser.csproj", "{7BAB4C5E-3089-4F6A-BE5F-5C49D6F582A2}"
EndProject
Global
	GlobalSection(SolutionConfigurationPlatforms) = preSolution
		Debug|Any CPU = Debug|Any CPU
		Release|Any CPU = Release|Any CPU
	EndGlobalSection
	GlobalSection(ProjectConfigurationPlatforms) = postSolution
		{77408CB3-F552-4EE1-9E58-1B5AB7F00C2C}.Debug|Any CPU.ActiveCfg = Debug|Any CPU
		{77408CB3-F552-4EE1-9E58-1B5AB7F00C2C}.Debug|Any CPU.Build.0 = Debug|Any CPU
		{77408CB3-F552-4EE1-9E58-1B5AB7F00C2C}.Release|Any CPU.ActiveCfg = Release|Any CPU
		{77408CB3-F552-4EE1-9E58-1B5AB7F00C2C}.Release|Any CPU.Build.0 = Release|Any CPU
		{7BAB4C5E-3089-4F6A-BE5F-5C49D6F582A2}.Debug|Any CPU.ActiveCfg = Debug|Any CPU
		{7BAB4C5E-3089-4F6A-BE5F-5C49D6F582A2}.Debug|Any CPU.Build.0 = Debug|Any CPU
		{7BAB4C5E-3089-4F6A-BE5F-5C49D6F582A2}.Release|Any CPU.ActiveCfg = Release|Any CPU
		{7BAB4C5E-3089-4F6A-BE5F-5C49D6F582A2}.Release|Any CPU.Build.0 = Release|Any CPU
	EndGlobalSection
	GlobalSection(SolutionProperties) = preSolution
		HideSolutionNode = FALSE
	EndGlobalSection
	GlobalSection(ExtensibilityGlobals) = postSolution
		SolutionGuid = {F1F999EC-F941-4333-900A-81C843F9346D}
	EndGlobalSection
EndGlobal
